
Microsoft Visual Studio Solution File, Format Version 12.00
# Visual Studio Version 17
VisualStudioVersion = 17.8.34511.84
MinimumVisualStudioVersion = 10.0.40219.1
Project("{9A19103F-16F7-4668-BE54-9A1E7A4F7556}") = "TipoutChampConsoleUI", "TipoutChampConsoleUI\TipoutChampConsoleUI.csproj", "{2AF5879E-0A8E-42C5-8805-4634A216FFD8}"
EndProject
Project("{9A19103F-16F7-4668-BE54-9A1E7A4F7556}") = "TipoutChampClassLibrary", "TipoutChampClassLibrary\TipoutChampClassLibrary.csproj", "{70BC65F3-4422-496D-9919-1A234BDAF082}"
EndProject
Project("{FAE04EC0-301F-11D3-BF4B-00C04F79EFBC}") = "TipoutChampUI", "TipoutChampUI\TipoutChampUI.csproj", "{4302B410-CB72-4C90-A8AB-F47D3D15FEBC}"
EndProject
Global
	GlobalSection(SolutionConfigurationPlatforms) = preSolution
		Debug|Any CPU = Debug|Any CPU
		Release|Any CPU = Release|Any CPU
	EndGlobalSection
	GlobalSection(ProjectConfigurationPlatforms) = postSolution
		{2AF5879E-0A8E-42C5-8805-4634A216FFD8}.Debug|Any CPU.ActiveCfg = Debug|Any CPU
		{2AF5879E-0A8E-42C5-8805-4634A216FFD8}.Debug|Any CPU.Build.0 = Debug|Any CPU
		{2AF5879E-0A8E-42C5-8805-4634A216FFD8}.Release|Any CPU.ActiveCfg = Release|Any CPU
		{2AF5879E-0A8E-42C5-8805-4634A216FFD8}.Release|Any CPU.Build.0 = Release|Any CPU
		{70BC65F3-4422-496D-9919-1A234BDAF082}.Debug|Any CPU.ActiveCfg = Debug|Any CPU
		{70BC65F3-4422-496D-9919-1A234BDAF082}.Debug|Any CPU.Build.0 = Debug|Any CPU
		{70BC65F3-4422-496D-9919-1A234BDAF082}.Release|Any CPU.ActiveCfg = Release|Any CPU
		{70BC65F3-4422-496D-9919-1A234BDAF082}.Release|Any CPU.Build.0 = Release|Any CPU
		{4302B410-CB72-4C90-A8AB-F47D3D15FEBC}.Debug|Any CPU.ActiveCfg = Debug|Any CPU
		{4302B410-CB72-4C90-A8AB-F47D3D15FEBC}.Debug|Any CPU.Build.0 = Debug|Any CPU
		{4302B410-CB72-4C90-A8AB-F47D3D15FEBC}.Release|Any CPU.ActiveCfg = Release|Any CPU
		{4302B410-CB72-4C90-A8AB-F47D3D15FEBC}.Release|Any CPU.Build.0 = Release|Any CPU
	EndGlobalSection
	GlobalSection(SolutionProperties) = preSolution
		HideSolutionNode = FALSE
	EndGlobalSection
	GlobalSection(ExtensibilityGlobals) = postSolution
		SolutionGuid = {0CB1B042-1079-4155-A93E-5412101B392A}
	EndGlobalSection
EndGlobal
